{
  "originHash" : "d075cf5d240bd4f8ede2f420ed7eb324a725a2e4e614cb9b3259aecdfca044c0",
  "pins" : [
    {
      "identity" : "dtphotoviewercontroller",
      "kind" : "remoteSourceControl",
      "location" : "https://github.com/tungvoduc/DTPhotoViewerController",
      "state" : {
        "revision" : "be2b855fc04fae5750e021c04a8f6d0d4ab18f92",
        "version" : "3.1.1"
      }
    }
  ],
  "version" : 3
}
